
Microsoft Visual Studio Solution File, Format Version 12.00
# Visual Studio Version 17
VisualStudioVersion = 17.7.34202.233
MinimumVisualStudioVersion = 10.0.40219.1
Project("{FAE04EC0-301F-11D3-BF4B-00C04F79EFBC}") = "Atv.Calculadora", "Atv.Calculadora.csproj", "{93539695-9B7C-477F-82DE-7DB01B3D9EA0}"
EndProject
Global
	GlobalSection(SolutionConfigurationPlatforms) = preSolution
		Debug|Any CPU = Debug|Any CPU
		Release|Any CPU = Release|Any CPU
	EndGlobalSection
	GlobalSection(ProjectConfigurationPlatforms) = postSolution
		{93539695-9B7C-477F-82DE-7DB01B3D9EA0}.Debug|Any CPU.ActiveCfg = Debug|Any CPU
		{93539695-9B7C-477F-82DE-7DB01B3D9EA0}.Debug|Any CPU.Build.0 = Debug|Any CPU
		{93539695-9B7C-477F-82DE-7DB01B3D9EA0}.Release|Any CPU.ActiveCfg = Release|Any CPU
		{93539695-9B7C-477F-82DE-7DB01B3D9EA0}.Release|Any CPU.Build.0 = Release|Any CPU
	EndGlobalSection
	GlobalSection(SolutionProperties) = preSolution
		HideSolutionNode = FALSE
	EndGlobalSection
	GlobalSection(ExtensibilityGlobals) = postSolution
		SolutionGuid = {275F58B5-A49C-40EC-AEC3-0A3623A62799}
	EndGlobalSection
EndGlobal
