
Microsoft Visual Studio Solution File, Format Version 12.00
# Visual Studio Version 17
VisualStudioVersion = 17.7.34202.233
MinimumVisualStudioVersion = 10.0.40219.1
Project("{FAE04EC0-301F-11D3-BF4B-00C04F79EFBC}") = "Atv.1", "Atv.1.csproj", "{69CC4711-1C80-42E1-9C72-8F0867E4887B}"
EndProject
Global
	GlobalSection(SolutionConfigurationPlatforms) = preSolution
		Debug|Any CPU = Debug|Any CPU
		Release|Any CPU = Release|Any CPU
	EndGlobalSection
	GlobalSection(ProjectConfigurationPlatforms) = postSolution
		{69CC4711-1C80-42E1-9C72-8F0867E4887B}.Debug|Any CPU.ActiveCfg = Debug|Any CPU
		{69CC4711-1C80-42E1-9C72-8F0867E4887B}.Debug|Any CPU.Build.0 = Debug|Any CPU
		{69CC4711-1C80-42E1-9C72-8F0867E4887B}.Release|Any CPU.ActiveCfg = Release|Any CPU
		{69CC4711-1C80-42E1-9C72-8F0867E4887B}.Release|Any CPU.Build.0 = Release|Any CPU
	EndGlobalSection
	GlobalSection(SolutionProperties) = preSolution
		HideSolutionNode = FALSE
	EndGlobalSection
	GlobalSection(ExtensibilityGlobals) = postSolution
		SolutionGuid = {7AD0E7B7-F444-40F4-8E0F-12B71278EA7F}
	EndGlobalSection
EndGlobal
